
Microsoft Visual Studio Solution File, Format Version 12.00
# Visual Studio Version 16
VisualStudioVersion = 16.0.31321.278
MinimumVisualStudioVersion = 10.0.40219.1
Project("{FAE04EC0-301F-11D3-BF4B-00C04F79EFBC}") = "KuaforRandevuSistemi", "KuaforRandevuSistemi\KuaforRandevuSistemi.csproj", "{6DA49A67-2518-4767-896B-853DD260512B}"
EndProject
Global
	GlobalSection(SolutionConfigurationPlatforms) = preSolution
		Debug|Any CPU = Debug|Any CPU
		Release|Any CPU = Release|Any CPU
	EndGlobalSection
	GlobalSection(ProjectConfigurationPlatforms) = postSolution
		{6DA49A67-2518-4767-896B-853DD260512B}.Debug|Any CPU.ActiveCfg = Debug|Any CPU
		{6DA49A67-2518-4767-896B-853DD260512B}.Debug|Any CPU.Build.0 = Debug|Any CPU
		{6DA49A67-2518-4767-896B-853DD260512B}.Release|Any CPU.ActiveCfg = Release|Any CPU
		{6DA49A67-2518-4767-896B-853DD260512B}.Release|Any CPU.Build.0 = Release|Any CPU
	EndGlobalSection
	GlobalSection(SolutionProperties) = preSolution
		HideSolutionNode = FALSE
	EndGlobalSection
	GlobalSection(ExtensibilityGlobals) = postSolution
		SolutionGuid = {6C05C60A-DD8E-4954-8DB6-B14BE30870E4}
	EndGlobalSection
EndGlobal
